
Microsoft Visual Studio Solution File, Format Version 12.00
# Visual Studio Version 16
VisualStudioVersion = 16.0.31729.503
MinimumVisualStudioVersion = 10.0.40219.1
Project("{FAE04EC0-301F-11D3-BF4B-00C04F79EFBC}") = "Paint_App", "Paint_App.csproj", "{448AA6E8-6E09-4DBF-B211-09DCA55839A6}"
EndProject
Global
	GlobalSection(SolutionConfigurationPlatforms) = preSolution
		Debug|Any CPU = Debug|Any CPU
		Release|Any CPU = Release|Any CPU
	EndGlobalSection
	GlobalSection(ProjectConfigurationPlatforms) = postSolution
		{448AA6E8-6E09-4DBF-B211-09DCA55839A6}.Debug|Any CPU.ActiveCfg = Debug|Any CPU
		{448AA6E8-6E09-4DBF-B211-09DCA55839A6}.Debug|Any CPU.Build.0 = Debug|Any CPU
		{448AA6E8-6E09-4DBF-B211-09DCA55839A6}.Release|Any CPU.ActiveCfg = Release|Any CPU
		{448AA6E8-6E09-4DBF-B211-09DCA55839A6}.Release|Any CPU.Build.0 = Release|Any CPU
	EndGlobalSection
	GlobalSection(SolutionProperties) = preSolution
		HideSolutionNode = FALSE
	EndGlobalSection
	GlobalSection(ExtensibilityGlobals) = postSolution
		SolutionGuid = {369E3E86-B258-489E-9D91-731728B2E3D5}
	EndGlobalSection
EndGlobal
